PODS:
  - AEXML (4.1.0)
  - GRMustache.swift (2.0.0)
  - GzipSwift (4.0.0-beta.2)
  - Just (0.6.0)
  - MASPreferences (1.2)
  - PromiseKit (4.2.2):
    - PromiseKit/Foundation (= 4.2.2)
    - PromiseKit/QuartzCore (= 4.2.2)
    - PromiseKit/UIKit (= 4.2.2)
  - PromiseKit/CorePromise (4.2.2)
  - PromiseKit/Foundation (4.2.2):
    - PromiseKit/CorePromise
  - PromiseKit/QuartzCore (4.2.2):
    - PromiseKit/CorePromise
  - PromiseKit/UIKit (4.2.2):
    - PromiseKit/CorePromise
  - Sparkle (1.17.0)

DEPENDENCIES:
  - AEXML
  - GRMustache.swift (from `https://github.com/saagarjha/GRMustache.swift.git`)
  - GzipSwift (from `https://github.com/1024jp/GzipSwift.git`, branch `swift4`)
  - Just (from `https://github.com/saagarjha/Just.git`)
  - MASPreferences (from `https://github.com/shpakovski/MASPreferences.git`)
  - PromiseKit (from `https://github.com/mxcl/PromiseKit.git`, branch `swift4-beta1`)
  - Sparkle

EXTERNAL SOURCES:
  GRMustache.swift:
    :git: https://github.com/saagarjha/GRMustache.swift.git
  GzipSwift:
    :branch: swift4
    :git: https://github.com/1024jp/GzipSwift.git
  Just:
    :git: https://github.com/saagarjha/Just.git
  MASPreferences:
    :git: https://github.com/shpakovski/MASPreferences.git
  PromiseKit:
    :branch: swift4-beta1
    :git: https://github.com/mxcl/PromiseKit.git

CHECKOUT OPTIONS:
  GRMustache.swift:
    :commit: de07e1977f60412845ae94409a05af08f34b2376
    :git: https://github.com/saagarjha/GRMustache.swift.git
  GzipSwift:
    :commit: 7596ffaf06bd45da99cb629b06c23a8259b7de2a
    :git: https://github.com/1024jp/GzipSwift.git
  Just:
    :commit: 175aa90557bc329cf3fe9818c2d2ab11fc45a200
    :git: https://github.com/saagarjha/Just.git
  MASPreferences:
    :commit: 7b656d2d6b9161baeed4aadcc61d62c11c6839a1
    :git: https://github.com/shpakovski/MASPreferences.git
  PromiseKit:
    :commit: 1cd1092b31739af70c81a6708123a0a1ca7eb61a
    :git: https://github.com/mxcl/PromiseKit.git

SPEC CHECKSUMS:
  AEXML: 647fbb051280f3fb38a1a7caa62b0344055a851c
  GRMustache.swift: 53405b02c374520f9193cf41bfa677f03a6d70aa
  GzipSwift: 502e99b339a441575d762ba234e10250bc491d29
  Just: 72e8a6e01ec5adba1aa0f7996ff4459aa6a3d710
  MASPreferences: 4ff5ced14f2ae0aada927579816c07fa6840f2e8
  PromiseKit: abd49fec6311c84aab2fb6eef4b736dc90bc0952
  Sparkle: ccfb47699feea7b40b51cf3176f69404e5b1da6c

PODFILE CHECKSUM: 8e23864502aabc5cef5a6c6a8d81037de8cdaf2b

COCOAPODS: 1.3.0.rc.1
